
Microsoft Visual Studio Solution File, Format Version 12.00
# Visual Studio Version 17
VisualStudioVersion = 17.0.32014.148
MinimumVisualStudioVersion = 10.0.40219.1
Project("{9A19103F-16F7-4668-BE54-9A1E7A4F7556}") = "ProgressHandler", "ProgressHandler\ProgressHandler.csproj", "{5767CA62-AC3D-475D-B6C4-C74D59C79CE0}"
EndProject
Project("{9A19103F-16F7-4668-BE54-9A1E7A4F7556}") = "ProgressHandler.Abstractions", "ProgressHandler.Abstractions\ProgressHandler.Abstractions.csproj", "{04E92820-1353-4118-9EEC-D6E94EB7713D}"
EndProject
Global
	GlobalSection(SolutionConfigurationPlatforms) = preSolution
		Debug|Any CPU = Debug|Any CPU
		Release|Any CPU = Release|Any CPU
	EndGlobalSection
	GlobalSection(ProjectConfigurationPlatforms) = postSolution
		{5767CA62-AC3D-475D-B6C4-C74D59C79CE0}.Debug|Any CPU.ActiveCfg = Debug|Any CPU
		{5767CA62-AC3D-475D-B6C4-C74D59C79CE0}.Debug|Any CPU.Build.0 = Debug|Any CPU
		{5767CA62-AC3D-475D-B6C4-C74D59C79CE0}.Release|Any CPU.ActiveCfg = Release|Any CPU
		{5767CA62-AC3D-475D-B6C4-C74D59C79CE0}.Release|Any CPU.Build.0 = Release|Any CPU
		{04E92820-1353-4118-9EEC-D6E94EB7713D}.Debug|Any CPU.ActiveCfg = Debug|Any CPU
		{04E92820-1353-4118-9EEC-D6E94EB7713D}.Debug|Any CPU.Build.0 = Debug|Any CPU
		{04E92820-1353-4118-9EEC-D6E94EB7713D}.Release|Any CPU.ActiveCfg = Release|Any CPU
		{04E92820-1353-4118-9EEC-D6E94EB7713D}.Release|Any CPU.Build.0 = Release|Any CPU
	EndGlobalSection
	GlobalSection(SolutionProperties) = preSolution
		HideSolutionNode = FALSE
	EndGlobalSection
	GlobalSection(ExtensibilityGlobals) = postSolution
		SolutionGuid = {4E1D2123-8B32-48E6-B656-76C47C6A3017}
	EndGlobalSection
EndGlobal
